
Microsoft Visual Studio Solution File, Format Version 12.00
# Visual Studio Version 16
VisualStudioVersion = 16.0.34031.81
MinimumVisualStudioVersion = 10.0.40219.1
Project("{888888A0-9F3D-457C-B088-3A5042F75D52}") = "AVL tree", "AVL tree.pyproj", "{87935663-3631-4BED-9F13-719CB53D9DC7}"
EndProject
Global
	GlobalSection(SolutionConfigurationPlatforms) = preSolution
		Debug|Any CPU = Debug|Any CPU
		Release|Any CPU = Release|Any CPU
	EndGlobalSection
	GlobalSection(ProjectConfigurationPlatforms) = postSolution
		{87935663-3631-4BED-9F13-719CB53D9DC7}.Debug|Any CPU.ActiveCfg = Debug|Any CPU
		{87935663-3631-4BED-9F13-719CB53D9DC7}.Release|Any CPU.ActiveCfg = Release|Any CPU
	EndGlobalSection
	GlobalSection(SolutionProperties) = preSolution
		HideSolutionNode = FALSE
	EndGlobalSection
	GlobalSection(ExtensibilityGlobals) = postSolution
		SolutionGuid = {3A9E5B94-C0CC-4F57-BE7F-9B18A2F2DF5D}
	EndGlobalSection
EndGlobal
